
Microsoft Visual Studio Solution File, Format Version 12.00
# Visual Studio Version 16
VisualStudioVersion = 16.0.31025.194
MinimumVisualStudioVersion = 10.0.40219.1
Project("{FAE04EC0-301F-11D3-BF4B-00C04F79EFBC}") = "lr2a", "lr2a.csproj", "{C5F3D58C-84E3-4ABB-A8E0-276F7F52911F}"
EndProject
Global
	GlobalSection(SolutionConfigurationPlatforms) = preSolution
		Debug|Any CPU = Debug|Any CPU
		Release|Any CPU = Release|Any CPU
	EndGlobalSection
	GlobalSection(ProjectConfigurationPlatforms) = postSolution
		{C5F3D58C-84E3-4ABB-A8E0-276F7F52911F}.Debug|Any CPU.ActiveCfg = Debug|Any CPU
		{C5F3D58C-84E3-4ABB-A8E0-276F7F52911F}.Debug|Any CPU.Build.0 = Debug|Any CPU
		{C5F3D58C-84E3-4ABB-A8E0-276F7F52911F}.Release|Any CPU.ActiveCfg = Release|Any CPU
		{C5F3D58C-84E3-4ABB-A8E0-276F7F52911F}.Release|Any CPU.Build.0 = Release|Any CPU
	EndGlobalSection
	GlobalSection(SolutionProperties) = preSolution
		HideSolutionNode = FALSE
	EndGlobalSection
	GlobalSection(ExtensibilityGlobals) = postSolution
		SolutionGuid = {51AE5923-1DA3-422C-AF67-5465B326902A}
	EndGlobalSection
EndGlobal
